
Microsoft Visual Studio Solution File, Format Version 12.00
# Visual Studio Version 17
VisualStudioVersion = 17.8.34330.188
MinimumVisualStudioVersion = 10.0.40219.1
Project("{FAE04EC0-301F-11D3-BF4B-00C04F79EFBC}") = "Projet_employe", "Projet_employe\Projet_employe.csproj", "{58CE432B-D910-41B0-9C1B-D6907403B34B}"
EndProject
Global
	GlobalSection(SolutionConfigurationPlatforms) = preSolution
		Debug|Any CPU = Debug|Any CPU
		Release|Any CPU = Release|Any CPU
	EndGlobalSection
	GlobalSection(ProjectConfigurationPlatforms) = postSolution
		{58CE432B-D910-41B0-9C1B-D6907403B34B}.Debug|Any CPU.ActiveCfg = Debug|Any CPU
		{58CE432B-D910-41B0-9C1B-D6907403B34B}.Debug|Any CPU.Build.0 = Debug|Any CPU
		{58CE432B-D910-41B0-9C1B-D6907403B34B}.Release|Any CPU.ActiveCfg = Release|Any CPU
		{58CE432B-D910-41B0-9C1B-D6907403B34B}.Release|Any CPU.Build.0 = Release|Any CPU
	EndGlobalSection
	GlobalSection(SolutionProperties) = preSolution
		HideSolutionNode = FALSE
	EndGlobalSection
	GlobalSection(ExtensibilityGlobals) = postSolution
		SolutionGuid = {5D311A9B-F59E-494F-87AF-710F65687147}
	EndGlobalSection
EndGlobal
